// !$*UTF8*$!
{
	archiveVersion = 1;
	classes = {
	};
	objectVersion = 45;
	objects = {

/* Begin PBXBuildFile section */
		B11D8683128137F8007D9C01 /* MustacheFragment.m in Sources */ = {isa = PBXBuildFile; fileRef = B1724512127D1E0300E66602 /* MustacheFragment.m */; };
		B11D8684128137FA007D9C01 /* MustacheGenerator.m in Sources */ = {isa = PBXBuildFile; fileRef = B172442C127C3E0E00E66602 /* MustacheGenerator.m */; };
		B11D8685128137FB007D9C01 /* MustacheTemplate.m in Sources */ = {isa = PBXBuildFile; fileRef = B159E142121E63A800517E46 /* MustacheTemplate.m */; };
		B11D8686128137FC007D9C01 /* MustacheToken.m in Sources */ = {isa = PBXBuildFile; fileRef = B17244DD127D012700E66602 /* MustacheToken.m */; };
		B170532D12874D2E005A3215 /* MustacheSpecPartialLoader.m in Sources */ = {isa = PBXBuildFile; fileRef = B170532C12874D2E005A3215 /* MustacheSpecPartialLoader.m */; };
		B17053A71287F52A005A3215 /* MustacheParser.m in Sources */ = {isa = PBXBuildFile; fileRef = B17053A61287F52A005A3215 /* MustacheParser.m */; };
		B17053A81287F52A005A3215 /* MustacheParser.m in Sources */ = {isa = PBXBuildFile; fileRef = B17053A61287F52A005A3215 /* MustacheParser.m */; };
		B17241DA127A693E00E66602 /* Cedar.framework in Frameworks */ = {isa = PBXBuildFile; fileRef = B17241A1127A689B00E66602 /* Cedar.framework */; };
		B17241F9127A6AAB00E66602 /* MustacheTemplate.m in Sources */ = {isa = PBXBuildFile; fileRef = B159E142121E63A800517E46 /* MustacheTemplate.m */; };
		B172442D127C3E0E00E66602 /* MustacheGenerator.m in Sources */ = {isa = PBXBuildFile; fileRef = B172442C127C3E0E00E66602 /* MustacheGenerator.m */; };
		B1724473127C4D3F00E66602 /* NSString+HTML.m in Sources */ = {isa = PBXBuildFile; fileRef = B1724472127C4D3F00E66602 /* NSString+HTML.m */; };
		B17244DE127D012700E66602 /* MustacheToken.m in Sources */ = {isa = PBXBuildFile; fileRef = B17244DD127D012700E66602 /* MustacheToken.m */; };
		B1724513127D1E0300E66602 /* MustacheFragment.m in Sources */ = {isa = PBXBuildFile; fileRef = B1724512127D1E0300E66602 /* MustacheFragment.m */; };
		B172483F1280B16E00E66602 /* main.m in Sources */ = {isa = PBXBuildFile; fileRef = B17241DE127A698600E66602 /* main.m */; };
		B17248461280B27F00E66602 /* main.m in Sources */ = {isa = PBXBuildFile; fileRef = B17241DE127A698600E66602 /* main.m */; };
		B172484A1280B2C300E66602 /* MustacheSpec.m in Sources */ = {isa = PBXBuildFile; fileRef = B17248001280AD8700E66602 /* MustacheSpec.m */; };
		B172484B1280B2C800E66602 /* MustacheTemplateSpec.m in Sources */ = {isa = PBXBuildFile; fileRef = B17241E0127A69E600E66602 /* MustacheTemplateSpec.m */; };
		B172485E1280B36E00E66602 /* Cedar.framework in Frameworks */ = {isa = PBXBuildFile; fileRef = B17241A1127A689B00E66602 /* Cedar.framework */; };
		B17248AC1280F2FD00E66602 /* YAML.framework in Frameworks */ = {isa = PBXBuildFile; fileRef = B17248A51280F2E400E66602 /* YAML.framework */; };
		B1BBF7F512813A7C00D26E72 /* NSString+HTML.m in Sources */ = {isa = PBXBuildFile; fileRef = B1724472127C4D3F00E66602 /* NSString+HTML.m */; };
		B1BBF884128290FD00D26E72 /* MustacheFilePartialLoader.m in Sources */ = {isa = PBXBuildFile; fileRef = B1BBF883128290FD00D26E72 /* MustacheFilePartialLoader.m */; };
		B1BBF886128290FD00D26E72 /* MustacheFilePartialLoader.m in Sources */ = {isa = PBXBuildFile; fileRef = B1BBF883128290FD00D26E72 /* MustacheFilePartialLoader.m */; };
		B1F6DDFF13F2323A00EB304B /* Foundation.framework in Frameworks */ = {isa = PBXBuildFile; fileRef = B1F6DDFE13F2323A00EB304B /* Foundation.framework */; };
		B1F6DE0A13F2325400EB304B /* NSString+HTML.m in Sources */ = {isa = PBXBuildFile; fileRef = B1724472127C4D3F00E66602 /* NSString+HTML.m */; };
		B1F6DE0B13F2325400EB304B /* MustacheParser.m in Sources */ = {isa = PBXBuildFile; fileRef = B17053A61287F52A005A3215 /* MustacheParser.m */; };
		B1F6DE0C13F2325400EB304B /* MustacheTemplate.m in Sources */ = {isa = PBXBuildFile; fileRef = B159E142121E63A800517E46 /* MustacheTemplate.m */; };
		B1F6DE0D13F2325400EB304B /* MustacheGenerator.m in Sources */ = {isa = PBXBuildFile; fileRef = B172442C127C3E0E00E66602 /* MustacheGenerator.m */; };
		B1F6DE0E13F2325400EB304B /* MustacheToken.m in Sources */ = {isa = PBXBuildFile; fileRef = B17244DD127D012700E66602 /* MustacheToken.m */; };
		B1F6DE0F13F2325400EB304B /* MustacheFragment.m in Sources */ = {isa = PBXBuildFile; fileRef = B1724512127D1E0300E66602 /* MustacheFragment.m */; };
		B1F6DE1013F2325400EB304B /* MustacheFilePartialLoader.m in Sources */ = {isa = PBXBuildFile; fileRef = B1BBF883128290FD00D26E72 /* MustacheFilePartialLoader.m */; };
/* End PBXBuildFile section */

/* Begin PBXBuildRule section */
		B11D868E12813863007D9C01 /* PBXBuildRule */ = {
			isa = PBXBuildRule;
			compilerSpec = com.apple.compilers.proxy.script;
			filePatterns = "*.m.rl";
			fileType = pattern.proxy;
			isEditable = 1;
			outputFiles = (
				"$(DERIVED_FILES_DIR)/$(INPUT_FILE_BASE)",
			);
			script = "/opt/local/bin/ragel -G2 -o ${DERIVED_FILES_DIR}/${INPUT_FILE_BASE} ${INPUT_FILE_PATH}";
		};
		B172420F127A6BB500E66602 /* PBXBuildRule */ = {
			isa = PBXBuildRule;
			compilerSpec = com.apple.compilers.proxy.script;
			filePatterns = "*.m.rl";
			fileType = pattern.proxy;
			isEditable = 1;
			outputFiles = (
				"$(DERIVED_FILES_DIR)/$(INPUT_FILE_BASE)",
			);
			script = "/opt/local/bin/ragel -G2 -o ${DERIVED_FILES_DIR}/${INPUT_FILE_BASE} ${INPUT_FILE_PATH}";
		};
/* End PBXBuildRule section */

/* Begin PBXContainerItemProxy section */
		B17241A0127A689B00E66602 /* PBXContainerItemProxy */ = {
			isa = PBXContainerItemProxy;
			containerPortal = B1724191127A689B00E66602 /* Cedar.xcodeproj */;
			proxyType = 2;
			remoteGlobalIDString = AEEE1FB611DC271300029872;
			remoteInfo = Cedar;
		};
		B17241A2127A689B00E66602 /* PBXContainerItemProxy */ = {
			isa = PBXContainerItemProxy;
			containerPortal = B1724191127A689B00E66602 /* Cedar.xcodeproj */;
			proxyType = 2;
			remoteGlobalIDString = AEEE218611DC28E200029872;
			remoteInfo = Specs;
		};
		B17241A4127A689B00E66602 /* PBXContainerItemProxy */ = {
			isa = PBXContainerItemProxy;
			containerPortal = B1724191127A689B00E66602 /* Cedar.xcodeproj */;
			proxyType = 2;
			remoteGlobalIDString = AEEE222911DC2B0600029872;
			remoteInfo = "Cedar-StaticLib";
		};
		B17241A6127A689B00E66602 /* PBXContainerItemProxy */ = {
			isa = PBXContainerItemProxy;
			containerPortal = B1724191127A689B00E66602 /* Cedar.xcodeproj */;
			proxyType = 2;
			remoteGlobalIDString = AEEE227611DC2CF900029872;
			remoteInfo = iPhoneSpecs;
		};
		B17241D7127A690F00E66602 /* PBXContainerItemProxy */ = {
			isa = PBXContainerItemProxy;
			containerPortal = B1724191127A689B00E66602 /* Cedar.xcodeproj */;
			proxyType = 1;
			remoteGlobalIDString = AEEE1FB511DC271300029872;
			remoteInfo = Cedar;
		};
		B172486B1280B45B00E66602 /* PBXContainerItemProxy */ = {
			isa = PBXContainerItemProxy;
			containerPortal = B1724191127A689B00E66602 /* Cedar.xcodeproj */;
			proxyType = 1;
			remoteGlobalIDString = AEEE1FB511DC271300029872;
			remoteInfo = Cedar;
		};
		B17248A41280F2E400E66602 /* PBXContainerItemProxy */ = {
			isa = PBXContainerItemProxy;
			containerPortal = B17248971280F2E400E66602 /* YAML.xcodeproj */;
			proxyType = 2;
			remoteGlobalIDString = 8DC2EF5B0486A6940098B216;
			remoteInfo = YAML;
		};
		B17248A61280F2E400E66602 /* PBXContainerItemProxy */ = {
			isa = PBXContainerItemProxy;
			containerPortal = B17248971280F2E400E66602 /* YAML.xcodeproj */;
			proxyType = 2;
			remoteGlobalIDString = EB6C420E124D99BE00886AD1;
			remoteInfo = test;
		};
		B17248A81280F2E400E66602 /* PBXContainerItemProxy */ = {
			isa = PBXContainerItemProxy;
			containerPortal = B17248971280F2E400E66602 /* YAML.xcodeproj */;
			proxyType = 2;
			remoteGlobalIDString = EBE745C1124F8C0D00618049;
			remoteInfo = "test (spec12examples)";
		};
		B17248AA1280F2E400E66602 /* PBXContainerItemProxy */ = {
			isa = PBXContainerItemProxy;
			containerPortal = B17248971280F2E400E66602 /* YAML.xcodeproj */;
			proxyType = 2;
			remoteGlobalIDString = EB2B5928124E2100001FFEEB;
			remoteInfo = events;
		};
		B17248AD1280F31100E66602 /* PBXContainerItemProxy */ = {
			isa = PBXContainerItemProxy;
			containerPortal = B17248971280F2E400E66602 /* YAML.xcodeproj */;
			proxyType = 1;
			remoteGlobalIDString = 8DC2EF4F0486A6940098B216;
			remoteInfo = YAML;
		};
/* End PBXContainerItemProxy section */

/* Begin PBXFileReference section */
		08FB779EFE84155DC02AAC07 /* Foundation.framework */ = {isa = PBXFileReference; lastKnownFileType = wrapper.framework; name = Foundation.framework; path = /System/Library/Frameworks/Foundation.framework; sourceTree = "<absolute>"; };
		32A70AAB03705E1F00C91783 /* OCMustache_Prefix.pch */ = {isa = PBXFileReference; fileEncoding = 4; lastKnownFileType = sourcecode.c.h; path = OCMustache_Prefix.pch; sourceTree = "<group>"; };
		B159E13F121E626D00517E46 /* MustacheParser.m.rl */ = {isa = PBXFileReference; fileEncoding = 4; lastKnownFileType = text; path = MustacheParser.m.rl; sourceTree = "<group>"; xcLanguageSpecificationIdentifier = xcode.lang.objc; };
		B159E140121E631A00517E46 /* MustacheParser.h */ = {isa = PBXFileReference; fileEncoding = 4; lastKnownFileType = sourcecode.c.h; name = MustacheParser.h; path = OCMustache/MustacheParser.h; sourceTree = "<group>"; };
		B159E141121E63A800517E46 /* MustacheTemplate.h */ = {isa = PBXFileReference; fileEncoding = 4; lastKnownFileType = sourcecode.c.h; name = MustacheTemplate.h; path = OCMustache/MustacheTemplate.h; sourceTree = "<group>"; };
		B159E142121E63A800517E46 /* MustacheTemplate.m */ = {isa = PBXFileReference; fileEncoding = 4; lastKnownFileType = sourcecode.c.objc; name = MustacheTemplate.m; path = OCMustache/MustacheTemplate.m; sourceTree = "<group>"; };
		B170532B12874D2E005A3215 /* MustacheSpecPartialLoader.h */ = {isa = PBXFileReference; fileEncoding = 4; lastKnownFileType = sourcecode.c.h; path = MustacheSpecPartialLoader.h; sourceTree = "<group>"; };
		B170532C12874D2E005A3215 /* MustacheSpecPartialLoader.m */ = {isa = PBXFileReference; fileEncoding = 4; lastKnownFileType = sourcecode.c.objc; path = MustacheSpecPartialLoader.m; sourceTree = "<group>"; };
		B170533412874E74005A3215 /* MustacheSpec.h */ = {isa = PBXFileReference; fileEncoding = 4; lastKnownFileType = sourcecode.c.h; path = MustacheSpec.h; sourceTree = "<group>"; };
		B17053A61287F52A005A3215 /* MustacheParser.m */ = {isa = PBXFileReference; fileEncoding = 4; lastKnownFileType = sourcecode.c.objc; name = MustacheParser.m; path = OCMustache/MustacheParser.m; sourceTree = "<group>"; };
		B1724191127A689B00E66602 /* Cedar.xcodeproj */ = {isa = PBXFileReference; lastKnownFileType = "wrapper.pb-project"; name = Cedar.xcodeproj; path = cedar/Cedar.xcodeproj; sourceTree = "<group>"; };
		B17241D3127A690700E66602 /* Specs */ = {isa = PBXFileReference; explicitFileType = "compiled.mach-o.executable"; includeInIndex = 0; path = Specs; sourceTree = BUILT_PRODUCTS_DIR; };
		B17241DE127A698600E66602 /* main.m */ = {isa = PBXFileReference; fileEncoding = 4; lastKnownFileType = sourcecode.c.objc; path = main.m; sourceTree = "<group>"; };
		B17241E0127A69E600E66602 /* MustacheTemplateSpec.m */ = {isa = PBXFileReference; fileEncoding = 4; lastKnownFileType = sourcecode.c.objc; path = MustacheTemplateSpec.m; sourceTree = "<group>"; };
		B172442B127C3E0E00E66602 /* MustacheGenerator.h */ = {isa = PBXFileReference; fileEncoding = 4; lastKnownFileType = sourcecode.c.h; name = MustacheGenerator.h; path = OCMustache/MustacheGenerator.h; sourceTree = "<group>"; };
		B172442C127C3E0E00E66602 /* MustacheGenerator.m */ = {isa = PBXFileReference; fileEncoding = 4; lastKnownFileType = sourcecode.c.objc; name = MustacheGenerator.m; path = OCMustache/MustacheGenerator.m; sourceTree = "<group>"; };
		B1724471127C4D3F00E66602 /* NSString+HTML.h */ = {isa = PBXFileReference; fileEncoding = 4; lastKnownFileType = sourcecode.c.h; name = "NSString+HTML.h"; path = "OCMustache/NSString+HTML.h"; sourceTree = "<group>"; };
		B1724472127C4D3F00E66602 /* NSString+HTML.m */ = {isa = PBXFileReference; fileEncoding = 4; lastKnownFileType = sourcecode.c.objc; name = "NSString+HTML.m"; path = "OCMustache/NSString+HTML.m"; sourceTree = "<group>"; };
		B17244DC127D012700E66602 /* MustacheToken.h */ = {isa = PBXFileReference; fileEncoding = 4; lastKnownFileType = sourcecode.c.h; name = MustacheToken.h; path = OCMustache/MustacheToken.h; sourceTree = "<group>"; };
		B17244DD127D012700E66602 /* MustacheToken.m */ = {isa = PBXFileReference; fileEncoding = 4; lastKnownFileType = sourcecode.c.objc; name = MustacheToken.m; path = OCMustache/MustacheToken.m; sourceTree = "<group>"; };
		B1724511127D1E0300E66602 /* MustacheFragment.h */ = {isa = PBXFileReference; fileEncoding = 4; lastKnownFileType = sourcecode.c.h; name = MustacheFragment.h; path = OCMustache/MustacheFragment.h; sourceTree = "<group>"; };
		B1724512127D1E0300E66602 /* MustacheFragment.m */ = {isa = PBXFileReference; fileEncoding = 4; lastKnownFileType = sourcecode.c.objc; name = MustacheFragment.m; path = OCMustache/MustacheFragment.m; sourceTree = "<group>"; };
		B17247C2128053E300E66602 /* Mustache-Spec */ = {isa = PBXFileReference; explicitFileType = "compiled.mach-o.executable"; includeInIndex = 0; path = "Mustache-Spec"; sourceTree = BUILT_PRODUCTS_DIR; };
		B17248001280AD8700E66602 /* MustacheSpec.m */ = {isa = PBXFileReference; fileEncoding = 4; lastKnownFileType = sourcecode.c.objc; path = MustacheSpec.m; sourceTree = "<group>"; };
		B17248971280F2E400E66602 /* YAML.xcodeproj */ = {isa = PBXFileReference; lastKnownFileType = "wrapper.pb-project"; name = YAML.xcodeproj; path = YAML/YAML.xcodeproj; sourceTree = "<group>"; };
		B1BBF882128290FD00D26E72 /* MustacheFilePartialLoader.h */ = {isa = PBXFileReference; fileEncoding = 4; lastKnownFileType = sourcecode.c.h; name = MustacheFilePartialLoader.h; path = OCMustache/MustacheFilePartialLoader.h; sourceTree = "<group>"; };
		B1BBF883128290FD00D26E72 /* MustacheFilePartialLoader.m */ = {isa = PBXFileReference; fileEncoding = 4; lastKnownFileType = sourcecode.c.objc; name = MustacheFilePartialLoader.m; path = OCMustache/MustacheFilePartialLoader.m; sourceTree = "<group>"; };
		B1BBF88912834D7300D26E72 /* MustachePartialLoader.h */ = {isa = PBXFileReference; fileEncoding = 4; lastKnownFileType = sourcecode.c.h; name = MustachePartialLoader.h; path = OCMustache/MustachePartialLoader.h; sourceTree = "<group>"; };
		B1F6DDFC13F2323A00EB304B /* libOCMustache.a */ = {isa = PBXFileReference; explicitFileType = archive.ar; includeInIndex = 0; path = libOCMustache.a; sourceTree = BUILT_PRODUCTS_DIR; };
		B1F6DDFE13F2323A00EB304B /* Foundation.framework */ = {isa = PBXFileReference; lastKnownFileType = wrapper.framework; name = Foundation.framework; path = System/Library/Frameworks/Foundation.framework; sourceTree = SDKROOT; };
		B1F6DE0213F2323A00EB304B /* OCMustache-Prefix.pch */ = {isa = PBXFileReference; lastKnownFileType = sourcecode.c.h; path = "OCMustache-Prefix.pch"; sourceTree = "<group>"; };
		B1F6DE0313F2323A00EB304B /* OCMustache.h */ = {isa = PBXFileReference; lastKnownFileType = sourcecode.c.h; path = OCMustache.h; sourceTree = "<group>"; };
		B1F6DE0413F2323A00EB304B /* OCMustache.m */ = {isa = PBXFileReference; lastKnownFileType = sourcecode.c.objc; path = OCMustache.m; sourceTree = "<group>"; };
/* End PBXFileReference section */

/* Begin PBXFrameworksBuildPhase section */
		B17241D1127A690700E66602 /* Frameworks */ = {
			isa = PBXFrameworksBuildPhase;
			buildActionMask = 2147483647;
			files = (
				B17241DA127A693E00E66602 /* Cedar.framework in Frameworks */,
			);
			runOnlyForDeploymentPostprocessing = 0;
		};
		B17247C0128053E300E66602 /* Frameworks */ = {
			isa = PBXFrameworksBuildPhase;
			buildActionMask = 2147483647;
			files = (
				B17248AC1280F2FD00E66602 /* YAML.framework in Frameworks */,
				B172485E1280B36E00E66602 /* Cedar.framework in Frameworks */,
			);
			runOnlyForDeploymentPostprocessing = 0;
		};
		B1F6DDF913F2323A00EB304B /* Frameworks */ = {
			isa = PBXFrameworksBuildPhase;
			buildActionMask = 2147483647;
			files = (
				B1F6DDFF13F2323A00EB304B /* Foundation.framework in Frameworks */,
			);
			runOnlyForDeploymentPostprocessing = 0;
		};
/* End PBXFrameworksBuildPhase section */

/* Begin PBXGroup section */
		08FB7794FE84155DC02AAC07 /* ObjectiveMustache */ = {
			isa = PBXGroup;
			children = (
				B17248971280F2E400E66602 /* YAML.xcodeproj */,
				B1724191127A689B00E66602 /* Cedar.xcodeproj */,
				B1724470127C4D2A00E66602 /* Categories */,
				B159E13B121E617000517E46 /* Classes */,
				08FB7795FE84155DC02AAC07 /* Source */,
				B17241DD127A695900E66602 /* Specs */,
				08FB779DFE84155DC02AAC07 /* External Frameworks and Libraries */,
				B1F6DE0013F2323A00EB304B /* OCMustache */,
				B1F6DDFD13F2323A00EB304B /* Frameworks */,
				1AB674ADFE9D54B511CA2CBB /* Products */,
			);
			name = ObjectiveMustache;
			sourceTree = "<group>";
		};
		08FB7795FE84155DC02AAC07 /* Source */ = {
			isa = PBXGroup;
			children = (
				B159E13F121E626D00517E46 /* MustacheParser.m.rl */,
				32A70AAB03705E1F00C91783 /* OCMustache_Prefix.pch */,
			);
			name = Source;
			sourceTree = "<group>";
		};
		08FB779DFE84155DC02AAC07 /* External Frameworks and Libraries */ = {
			isa = PBXGroup;
			children = (
				08FB779EFE84155DC02AAC07 /* Foundation.framework */,
			);
			name = "External Frameworks and Libraries";
			sourceTree = "<group>";
		};
		1AB674ADFE9D54B511CA2CBB /* Products */ = {
			isa = PBXGroup;
			children = (
				B17241D3127A690700E66602 /* Specs */,
				B17247C2128053E300E66602 /* Mustache-Spec */,
				B1F6DDFC13F2323A00EB304B /* libOCMustache.a */,
			);
			name = Products;
			sourceTree = "<group>";
		};
		B159E13B121E617000517E46 /* Classes */ = {
			isa = PBXGroup;
			children = (
				B159E140121E631A00517E46 /* MustacheParser.h */,
				B17053A61287F52A005A3215 /* MustacheParser.m */,
				B159E141121E63A800517E46 /* MustacheTemplate.h */,
				B159E142121E63A800517E46 /* MustacheTemplate.m */,
				B172442B127C3E0E00E66602 /* MustacheGenerator.h */,
				B172442C127C3E0E00E66602 /* MustacheGenerator.m */,
				B17244DC127D012700E66602 /* MustacheToken.h */,
				B17244DD127D012700E66602 /* MustacheToken.m */,
				B1724511127D1E0300E66602 /* MustacheFragment.h */,
				B1724512127D1E0300E66602 /* MustacheFragment.m */,
				B1BBF88912834D7300D26E72 /* MustachePartialLoader.h */,
				B1BBF882128290FD00D26E72 /* MustacheFilePartialLoader.h */,
				B1BBF883128290FD00D26E72 /* MustacheFilePartialLoader.m */,
			);
			name = Classes;
			sourceTree = "<group>";
		};
		B1724192127A689B00E66602 /* Products */ = {
			isa = PBXGroup;
			children = (
				B17241A1127A689B00E66602 /* Cedar.framework */,
				B17241A3127A689B00E66602 /* Specs */,
				B17241A5127A689B00E66602 /* libCedar-StaticLib.a */,
				B17241A7127A689B00E66602 /* iPhoneSpecs.app */,
			);
			name = Products;
			sourceTree = "<group>";
		};
		B17241DD127A695900E66602 /* Specs */ = {
			isa = PBXGroup;
			children = (
				B17241DE127A698600E66602 /* main.m */,
				B17241E0127A69E600E66602 /* MustacheTemplateSpec.m */,
				B170533412874E74005A3215 /* MustacheSpec.h */,
				B17248001280AD8700E66602 /* MustacheSpec.m */,
				B170532B12874D2E005A3215 /* MustacheSpecPartialLoader.h */,
				B170532C12874D2E005A3215 /* MustacheSpecPartialLoader.m */,
			);
			path = Specs;
			sourceTree = "<group>";
		};
		B1724470127C4D2A00E66602 /* Categories */ = {
			isa = PBXGroup;
			children = (
				B1724471127C4D3F00E66602 /* NSString+HTML.h */,
				B1724472127C4D3F00E66602 /* NSString+HTML.m */,
			);
			name = Categories;
			sourceTree = "<group>";
		};
		B17248981280F2E400E66602 /* Products */ = {
			isa = PBXGroup;
			children = (
				B17248A51280F2E400E66602 /* YAML.framework */,
				B17248A71280F2E400E66602 /* test */,
				B17248A91280F2E400E66602 /* test */,
				B17248AB1280F2E400E66602 /* events */,
			);
			name = Products;
			sourceTree = "<group>";
		};
		B1F6DDFD13F2323A00EB304B /* Frameworks */ = {
			isa = PBXGroup;
			children = (
				B1F6DDFE13F2323A00EB304B /* Foundation.framework */,
			);
			name = Frameworks;
			sourceTree = "<group>";
		};
		B1F6DE0013F2323A00EB304B /* OCMustache */ = {
			isa = PBXGroup;
			children = (
				B1F6DE0313F2323A00EB304B /* OCMustache.h */,
				B1F6DE0413F2323A00EB304B /* OCMustache.m */,
				B1F6DE0113F2323A00EB304B /* Supporting Files */,
			);
			path = OCMustache;
			sourceTree = "<group>";
		};
		B1F6DE0113F2323A00EB304B /* Supporting Files */ = {
			isa = PBXGroup;
			children = (
				B1F6DE0213F2323A00EB304B /* OCMustache-Prefix.pch */,
			);
			name = "Supporting Files";
			sourceTree = "<group>";
		};
/* End PBXGroup section */

/* Begin PBXHeadersBuildPhase section */
		B1F6DDFA13F2323A00EB304B /* Headers */ = {
			isa = PBXHeadersBuildPhase;
			buildActionMask = 2147483647;
			files = (
			);
			runOnlyForDeploymentPostprocessing = 0;
		};
/* End PBXHeadersBuildPhase section */

/* Begin PBXNativeTarget section */
		B17241D2127A690700E66602 /* Specs */ = {
			isa = PBXNativeTarget;
			buildConfigurationList = B17241D9127A692E00E66602 /* Build configuration list for PBXNativeTarget "Specs" */;
			buildPhases = (
				B17241D0127A690700E66602 /* Sources */,
				B17241D1127A690700E66602 /* Frameworks */,
			);
			buildRules = (
				B172420F127A6BB500E66602 /* PBXBuildRule */,
			);
			dependencies = (
				B17241D8127A690F00E66602 /* PBXTargetDependency */,
			);
			name = Specs;
			productName = Specs;
			productReference = B17241D3127A690700E66602 /* Specs */;
			productType = "com.apple.product-type.tool";
		};
		B17247C1128053E300E66602 /* Mustache-Spec */ = {
			isa = PBXNativeTarget;
			buildConfigurationList = B17247CA1280543800E66602 /* Build configuration list for PBXNativeTarget "Mustache-Spec" */;
			buildPhases = (
				B17247BF128053E300E66602 /* Sources */,
				B17247C0128053E300E66602 /* Frameworks */,
			);
			buildRules = (
				B11D868E12813863007D9C01 /* PBXBuildRule */,
			);
			dependencies = (
				B172486C1280B45B00E66602 /* PBXTargetDependency */,
				B17248AE1280F31100E66602 /* PBXTargetDependency */,
			);
			name = "Mustache-Spec";
			productName = "Mustache-Spec";
			productReference = B17247C2128053E300E66602 /* Mustache-Spec */;
			productType = "com.apple.product-type.tool";
		};
		B1F6DDFB13F2323A00EB304B /* OCMustache */ = {
			isa = PBXNativeTarget;
			buildConfigurationList = B1F6DE0813F2323A00EB304B /* Build configuration list for PBXNativeTarget "OCMustache" */;
			buildPhases = (
				B1F6DDF813F2323A00EB304B /* Sources */,
				B1F6DDF913F2323A00EB304B /* Frameworks */,
				B1F6DDFA13F2323A00EB304B /* Headers */,
			);
			buildRules = (
			);
			dependencies = (
			);
			name = OCMustache;
			productName = OCMustache;
			productReference = B1F6DDFC13F2323A00EB304B /* libOCMustache.a */;
			productType = "com.apple.product-type.library.static";
		};
/* End PBXNativeTarget section */

/* Begin PBXProject section */
		08FB7793FE84155DC02AAC07 /* Project object */ = {
			isa = PBXProject;
			buildConfigurationList = 1DEB927808733DD40010E9CD /* Build configuration list for PBXProject "OCMustache" */;
			compatibilityVersion = "Xcode 3.1";
			developmentRegion = English;
			hasScannedForEncodings = 1;
			knownRegions = (
				English,
				Japanese,
				French,
				German,
			);
			mainGroup = 08FB7794FE84155DC02AAC07 /* ObjectiveMustache */;
			projectDirPath = "";
			projectReferences = (
				{
					ProductGroup = B1724192127A689B00E66602 /* Products */;
					ProjectRef = B1724191127A689B00E66602 /* Cedar.xcodeproj */;
				},
				{
					ProductGroup = B17248981280F2E400E66602 /* Products */;
					ProjectRef = B17248971280F2E400E66602 /* YAML.xcodeproj */;
				},
			);
			projectRoot = "";
			targets = (
				B17241D2127A690700E66602 /* Specs */,
				B17247C1128053E300E66602 /* Mustache-Spec */,
				B1F6DDFB13F2323A00EB304B /* OCMustache */,
			);
		};
/* End PBXProject section */

/* Begin PBXReferenceProxy section */
		B17241A1127A689B00E66602 /* Cedar.framework */ = {
			isa = PBXReferenceProxy;
			fileType = wrapper.framework;
			path = Cedar.framework;
			remoteRef = B17241A0127A689B00E66602 /* PBXContainerItemProxy */;
			sourceTree = BUILT_PRODUCTS_DIR;
		};
		B17241A3127A689B00E66602 /* Specs */ = {
			isa = PBXReferenceProxy;
			fileType = "compiled.mach-o.executable";
			path = Specs;
			remoteRef = B17241A2127A689B00E66602 /* PBXContainerItemProxy */;
			sourceTree = BUILT_PRODUCTS_DIR;
		};
		B17241A5127A689B00E66602 /* libCedar-StaticLib.a */ = {
			isa = PBXReferenceProxy;
			fileType = archive.ar;
			path = "libCedar-StaticLib.a";
			remoteRef = B17241A4127A689B00E66602 /* PBXContainerItemProxy */;
			sourceTree = BUILT_PRODUCTS_DIR;
		};
		B17241A7127A689B00E66602 /* iPhoneSpecs.app */ = {
			isa = PBXReferenceProxy;
			fileType = wrapper.application;
			path = iPhoneSpecs.app;
			remoteRef = B17241A6127A689B00E66602 /* PBXContainerItemProxy */;
			sourceTree = BUILT_PRODUCTS_DIR;
		};
		B17248A51280F2E400E66602 /* YAML.framework */ = {
			isa = PBXReferenceProxy;
			fileType = wrapper.framework;
			path = YAML.framework;
			remoteRef = B17248A41280F2E400E66602 /* PBXContainerItemProxy */;
			sourceTree = BUILT_PRODUCTS_DIR;
		};
		B17248A71280F2E400E66602 /* test */ = {
			isa = PBXReferenceProxy;
			fileType = "compiled.mach-o.executable";
			path = test;
			remoteRef = B17248A61280F2E400E66602 /* PBXContainerItemProxy */;
			sourceTree = BUILT_PRODUCTS_DIR;
		};
		B17248A91280F2E400E66602 /* test */ = {
			isa = PBXReferenceProxy;
			fileType = "compiled.mach-o.executable";
			path = test;
			remoteRef = B17248A81280F2E400E66602 /* PBXContainerItemProxy */;
			sourceTree = BUILT_PRODUCTS_DIR;
		};
		B17248AB1280F2E400E66602 /* events */ = {
			isa = PBXReferenceProxy;
			fileType = "compiled.mach-o.executable";
			path = events;
			remoteRef = B17248AA1280F2E400E66602 /* PBXContainerItemProxy */;
			sourceTree = BUILT_PRODUCTS_DIR;
		};
/* End PBXReferenceProxy section */

/* Begin PBXSourcesBuildPhase section */
		B17241D0127A690700E66602 /* Sources */ = {
			isa = PBXSourcesBuildPhase;
			buildActionMask = 2147483647;
			files = (
				B17241F9127A6AAB00E66602 /* MustacheTemplate.m in Sources */,
				B172442D127C3E0E00E66602 /* MustacheGenerator.m in Sources */,
				B1724473127C4D3F00E66602 /* NSString+HTML.m in Sources */,
				B17244DE127D012700E66602 /* MustacheToken.m in Sources */,
				B1724513127D1E0300E66602 /* MustacheFragment.m in Sources */,
				B172483F1280B16E00E66602 /* main.m in Sources */,
				B172484B1280B2C800E66602 /* MustacheTemplateSpec.m in Sources */,
				B1BBF886128290FD00D26E72 /* MustacheFilePartialLoader.m in Sources */,
				B17053A71287F52A005A3215 /* MustacheParser.m in Sources */,
			);
			runOnlyForDeploymentPostprocessing = 0;
		};
		B17247BF128053E300E66602 /* Sources */ = {
			isa = PBXSourcesBuildPhase;
			buildActionMask = 2147483647;
			files = (
				B17248461280B27F00E66602 /* main.m in Sources */,
				B172484A1280B2C300E66602 /* MustacheSpec.m in Sources */,
				B11D8683128137F8007D9C01 /* MustacheFragment.m in Sources */,
				B11D8684128137FA007D9C01 /* MustacheGenerator.m in Sources */,
				B11D8685128137FB007D9C01 /* MustacheTemplate.m in Sources */,
				B11D8686128137FC007D9C01 /* MustacheToken.m in Sources */,
				B1BBF7F512813A7C00D26E72 /* NSString+HTML.m in Sources */,
				B1BBF884128290FD00D26E72 /* MustacheFilePartialLoader.m in Sources */,
				B170532D12874D2E005A3215 /* MustacheSpecPartialLoader.m in Sources */,
				B17053A81287F52A005A3215 /* MustacheParser.m in Sources */,
			);
			runOnlyForDeploymentPostprocessing = 0;
		};
		B1F6DDF813F2323A00EB304B /* Sources */ = {
			isa = PBXSourcesBuildPhase;
			buildActionMask = 2147483647;
			files = (
				B1F6DE0A13F2325400EB304B /* NSString+HTML.m in Sources */,
				B1F6DE0B13F2325400EB304B /* MustacheParser.m in Sources */,
				B1F6DE0C13F2325400EB304B /* MustacheTemplate.m in Sources */,
				B1F6DE0D13F2325400EB304B /* MustacheGenerator.m in Sources */,
				B1F6DE0E13F2325400EB304B /* MustacheToken.m in Sources */,
				B1F6DE0F13F2325400EB304B /* MustacheFragment.m in Sources */,
				B1F6DE1013F2325400EB304B /* MustacheFilePartialLoader.m in Sources */,
			);
			runOnlyForDeploymentPostprocessing = 0;
		};
/* End PBXSourcesBuildPhase section */

/* Begin PBXTargetDependency section */
		B17241D8127A690F00E66602 /* PBXTargetDependency */ = {
			isa = PBXTargetDependency;
			name = Cedar;
			targetProxy = B17241D7127A690F00E66602 /* PBXContainerItemProxy */;
		};
		B172486C1280B45B00E66602 /* PBXTargetDependency */ = {
			isa = PBXTargetDependency;
			name = Cedar;
			targetProxy = B172486B1280B45B00E66602 /* PBXContainerItemProxy */;
		};
		B17248AE1280F31100E66602 /* PBXTargetDependency */ = {
			isa = PBXTargetDependency;
			name = YAML;
			targetProxy = B17248AD1280F31100E66602 /* PBXContainerItemProxy */;
		};
/* End PBXTargetDependency section */

/* Begin XCBuildConfiguration section */
		1DEB927908733DD40010E9CD /* Debug */ = {
			isa = XCBuildConfiguration;
			buildSettings = {
				ARCHS = "$(ARCHS_STANDARD_32_64_BIT)";
				GCC_C_LANGUAGE_STANDARD = gnu99;
				GCC_OPTIMIZATION_LEVEL = 0;
				GCC_VERSION = com.apple.compilers.llvm.clang.1_0;
				GCC_WARN_ABOUT_RETURN_TYPE = YES;
				GCC_WARN_UNUSED_VARIABLE = YES;
				HEADER_SEARCH_PATHS = "";
				ONLY_ACTIVE_ARCH = YES;
				PREBINDING = NO;
				SDKROOT = macosx10.6;
			};
			name = Debug;
		};
		1DEB927A08733DD40010E9CD /* Release */ = {
			isa = XCBuildConfiguration;
			buildSettings = {
				ARCHS = "$(ARCHS_STANDARD_32_64_BIT)";
				GCC_C_LANGUAGE_STANDARD = gnu99;
				GCC_VERSION = com.apple.compilers.llvm.clang.1_0;
				GCC_WARN_ABOUT_RETURN_TYPE = YES;
				GCC_WARN_UNUSED_VARIABLE = YES;
				HEADER_SEARCH_PATHS = "";
				PREBINDING = NO;
				SDKROOT = macosx10.6;
			};
			name = Release;
		};
		B17241D5127A690700E66602 /* Debug */ = {
			isa = XCBuildConfiguration;
			buildSettings = {
				ALWAYS_SEARCH_USER_PATHS = NO;
				COPY_PHASE_STRIP = NO;
				GCC_DYNAMIC_NO_PIC = NO;
				GCC_ENABLE_FIX_AND_CONTINUE = YES;
				GCC_MODEL_TUNING = G5;
				GCC_OPTIMIZATION_LEVEL = 0;
				GCC_PRECOMPILE_PREFIX_HEADER = YES;
				GCC_PREFIX_HEADER = OCMustache_Prefix.pch;
				INSTALL_PATH = /usr/local/bin;
				OTHER_LDFLAGS = (
					"-framework",
					Foundation,
					"-framework",
					AppKit,
				);
				PREBINDING = NO;
				PRODUCT_NAME = Specs;
			};
			name = Debug;
		};
		B17241D6127A690700E66602 /* Release */ = {
			isa = XCBuildConfiguration;
			buildSettings = {
				ALWAYS_SEARCH_USER_PATHS = NO;
				COPY_PHASE_STRIP = YES;
				DEBUG_INFORMATION_FORMAT = "dwarf-with-dsym";
				GCC_ENABLE_FIX_AND_CONTINUE = NO;
				GCC_MODEL_TUNING = G5;
				GCC_PRECOMPILE_PREFIX_HEADER = YES;
				GCC_PREFIX_HEADER = OCMustache_Prefix.pch;
				INSTALL_PATH = /usr/local/bin;
				OTHER_LDFLAGS = (
					"-framework",
					Foundation,
					"-framework",
					AppKit,
				);
				PREBINDING = NO;
				PRODUCT_NAME = Specs;
				ZERO_LINK = NO;
			};
			name = Release;
		};
		B17247C4128053E400E66602 /* Debug */ = {
			isa = XCBuildConfiguration;
			buildSettings = {
				ALWAYS_SEARCH_USER_PATHS = NO;
				COPY_PHASE_STRIP = NO;
				GCC_DYNAMIC_NO_PIC = NO;
				GCC_ENABLE_FIX_AND_CONTINUE = YES;
				GCC_MODEL_TUNING = G5;
				GCC_OPTIMIZATION_LEVEL = 0;
				GCC_PRECOMPILE_PREFIX_HEADER = YES;
				GCC_PREFIX_HEADER = OCMustache_Prefix.pch;
				INSTALL_PATH = /usr/local/bin;
				OTHER_LDFLAGS = (
					"-framework",
					Foundation,
					"-framework",
					AppKit,
				);
				PREBINDING = NO;
				PRODUCT_NAME = "Mustache-Spec";
			};
			name = Debug;
		};
		B17247C5128053E400E66602 /* Release */ = {
			isa = XCBuildConfiguration;
			buildSettings = {
				ALWAYS_SEARCH_USER_PATHS = NO;
				COPY_PHASE_STRIP = YES;
				DEBUG_INFORMATION_FORMAT = "dwarf-with-dsym";
				GCC_ENABLE_FIX_AND_CONTINUE = NO;
				GCC_MODEL_TUNING = G5;
				GCC_PRECOMPILE_PREFIX_HEADER = YES;
				GCC_PREFIX_HEADER = OCMustache_Prefix.pch;
				INSTALL_PATH = /usr/local/bin;
				OTHER_LDFLAGS = (
					"-framework",
					Foundation,
					"-framework",
					AppKit,
				);
				PREBINDING = NO;
				PRODUCT_NAME = "Mustache-Spec";
				ZERO_LINK = NO;
			};
			name = Release;
		};
		B1F6DE0613F2323A00EB304B /* Debug */ = {
			isa = XCBuildConfiguration;
			buildSettings = {
				ALWAYS_SEARCH_USER_PATHS = NO;
				ARCHS = "$(ARCHS_STANDARD_32_BIT)";
				CLANG_ENABLE_OBJC_ARC = YES;
				COPY_PHASE_STRIP = NO;
				DSTROOT = /tmp/OCMustache.dst;
				GCC_DYNAMIC_NO_PIC = NO;
				GCC_PRECOMPILE_PREFIX_HEADER = YES;
				GCC_PREFIX_HEADER = "OCMustache/OCMustache-Prefix.pch";
				GCC_PREPROCESSOR_DEFINITIONS = (
					"DEBUG=1",
					"$(inherited)",
				);
				GCC_SYMBOLS_PRIVATE_EXTERN = NO;
				GCC_WARN_ABOUT_MISSING_PROTOTYPES = YES;
				IPHONEOS_DEPLOYMENT_TARGET = 5.0;
				OTHER_LDFLAGS = "-ObjC";
				PRODUCT_NAME = "$(TARGET_NAME)";
				SDKROOT = iphoneos;
				SKIP_INSTALL = YES;
			};
			name = Debug;
		};
		B1F6DE0713F2323A00EB304B /* Release */ = {
			isa = XCBuildConfiguration;
			buildSettings = {
				ALWAYS_SEARCH_USER_PATHS = NO;
				ARCHS = "$(ARCHS_STANDARD_32_BIT)";
				CLANG_ENABLE_OBJC_ARC = YES;
				COPY_PHASE_STRIP = YES;
				DSTROOT = /tmp/OCMustache.dst;
				GCC_PRECOMPILE_PREFIX_HEADER = YES;
				GCC_PREFIX_HEADER = "OCMustache/OCMustache-Prefix.pch";
				GCC_WARN_ABOUT_MISSING_PROTOTYPES = YES;
				IPHONEOS_DEPLOYMENT_TARGET = 5.0;
				OTHER_LDFLAGS = "-ObjC";
				PRODUCT_NAME = "$(TARGET_NAME)";
				SDKROOT = iphoneos;
				SKIP_INSTALL = YES;
				VALIDATE_PRODUCT = YES;
			};
			name = Release;
		};
/* End XCBuildConfiguration section */

/* Begin XCConfigurationList section */
		1DEB927808733DD40010E9CD /* Build configuration list for PBXProject "OCMustache" */ = {
			isa = XCConfigurationList;
			buildConfigurations = (
				1DEB927908733DD40010E9CD /* Debug */,
				1DEB927A08733DD40010E9CD /* Release */,
			);
			defaultConfigurationIsVisible = 0;
			defaultConfigurationName = Release;
		};
		B17241D9127A692E00E66602 /* Build configuration list for PBXNativeTarget "Specs" */ = {
			isa = XCConfigurationList;
			buildConfigurations = (
				B17241D5127A690700E66602 /* Debug */,
				B17241D6127A690700E66602 /* Release */,
			);
			defaultConfigurationIsVisible = 0;
			defaultConfigurationName = Release;
		};
		B17247CA1280543800E66602 /* Build configuration list for PBXNativeTarget "Mustache-Spec" */ = {
			isa = XCConfigurationList;
			buildConfigurations = (
				B17247C4128053E400E66602 /* Debug */,
				B17247C5128053E400E66602 /* Release */,
			);
			defaultConfigurationIsVisible = 0;
			defaultConfigurationName = Release;
		};
		B1F6DE0813F2323A00EB304B /* Build configuration list for PBXNativeTarget "OCMustache" */ = {
			isa = XCConfigurationList;
			buildConfigurations = (
				B1F6DE0613F2323A00EB304B /* Debug */,
				B1F6DE0713F2323A00EB304B /* Release */,
			);
			defaultConfigurationIsVisible = 0;
		};
/* End XCConfigurationList section */
	};
	rootObject = 08FB7793FE84155DC02AAC07 /* Project object */;
}
